// !$*UTF8*$!
{
	archiveVersion = 1;
	classes = {
	};
	objectVersion = 52;
	objects = {

/* Begin PBXBuildFile section */
		66FB9C38252C6DAE005E5910 /* AppDelegate.swift in Sources */ = {isa = PBXBuildFile; fileRef = 66FB9C37252C6DAE005E5910 /* AppDelegate.swift */; };
		66FB9C3A252C6DAE005E5910 /* SceneDelegate.swift in Sources */ = {isa = PBXBuildFile; fileRef = 66FB9C39252C6DAE005E5910 /* SceneDelegate.swift */; };
		66FB9C3C252C6DAE005E5910 /* ViewController.swift in Sources */ = {isa = PBXBuildFile; fileRef = 66FB9C3B252C6DAE005E5910 /* ViewController.swift */; };
		66FB9C3F252C6DAE005E5910 /* Main.storyboard in Resources */ = {isa = PBXBuildFile; fileRef = 66FB9C3D252C6DAE005E5910 /* Main.storyboard */; };
		66FB9C41252C6DAF005E5910 /* Assets.xcassets in Resources */ = {isa = PBXBuildFile; fileRef = 66FB9C40252C6DAF005E5910 /* Assets.xcassets */; };
		66FB9C44252C6DAF005E5910 /* LaunchScreen.storyboard in Resources */ = {isa = PBXBuildFile; fileRef = 66FB9C42252C6DAF005E5910 /* LaunchScreen.storyboard */; };
		66FB9C82252C97B5005E5910 /* MyWrapperLibrary in Frameworks */ = {isa = PBXBuildFile; productRef = 66FB9C81252C97B5005E5910 /* MyWrapperLibrary */; };
/* End PBXBuildFile section */

/* Begin PBXCopyFilesBuildPhase section */
		66BD35042542CF27009089E5 /* Embed Frameworks */ = {
			isa = PBXCopyFilesBuildPhase;
			buildActionMask = 2147483647;
			dstPath = "";
			dstSubfolderSpec = 10;
			files = (
			);
			name = "Embed Frameworks";
			runOnlyForDeploymentPostprocessing = 0;
		};
/* End PBXCopyFilesBuildPhase section */

/* Begin PBXFileReference section */
		66BD35DB2542F7A5009089E5 /* README.md */ = {isa = PBXFileReference; lastKnownFileType = net.daringfireball.markdown; path = README.md; sourceTree = "<group>"; };
		66FB9C34252C6DAE005E5910 /* MyDependencySample.app */ = {isa = PBXFileReference; explicitFileType = wrapper.application; includeInIndex = 0; path = MyDependencySample.app; sourceTree = BUILT_PRODUCTS_DIR; };
		66FB9C37252C6DAE005E5910 /* AppDelegate.swift */ = {isa = PBXFileReference; lastKnownFileType = sourcecode.swift; path = AppDelegate.swift; sourceTree = "<group>"; };
		66FB9C39252C6DAE005E5910 /* SceneDelegate.swift */ = {isa = PBXFileReference; lastKnownFileType = sourcecode.swift; path = SceneDelegate.swift; sourceTree = "<group>"; };
		66FB9C3B252C6DAE005E5910 /* ViewController.swift */ = {isa = PBXFileReference; lastKnownFileType = sourcecode.swift; path = ViewController.swift; sourceTree = "<group>"; };
		66FB9C3E252C6DAE005E5910 /* Base */ = {isa = PBXFileReference; lastKnownFileType = file.storyboard; name = Base; path = Base.lproj/Main.storyboard; sourceTree = "<group>"; };
		66FB9C40252C6DAF005E5910 /* Assets.xcassets */ = {isa = PBXFileReference; lastKnownFileType = folder.assetcatalog; path = Assets.xcassets; sourceTree = "<group>"; };
		66FB9C43252C6DAF005E5910 /* Base */ = {isa = PBXFileReference; lastKnownFileType = file.storyboard; name = Base; path = Base.lproj/LaunchScreen.storyboard; sourceTree = "<group>"; };
		66FB9C45252C6DAF005E5910 /* Info.plist */ = {isa = PBXFileReference; lastKnownFileType = text.plist.xml; path = Info.plist; sourceTree = "<group>"; };
		66FB9C7E252C9797005E5910 /* MyWrapperLibrary */ = {isa = PBXFileReference; lastKnownFileType = folder; path = MyWrapperLibrary; sourceTree = "<group>"; };
/* End PBXFileReference section */

/* Begin PBXFrameworksBuildPhase section */
		66FB9C31252C6DAE005E5910 /* Frameworks */ = {
			isa = PBXFrameworksBuildPhase;
			buildActionMask = 2147483647;
			files = (
				66FB9C82252C97B5005E5910 /* MyWrapperLibrary in Frameworks */,
			);
			runOnlyForDeploymentPostprocessing = 0;
		};
/* End PBXFrameworksBuildPhase section */

/* Begin PBXGroup section */
		66BD34162542BD54009089E5 /* Frameworks */ = {
			isa = PBXGroup;
			children = (
			);
			name = Frameworks;
			sourceTree = "<group>";
		};
		66FB9C2B252C6DAE005E5910 = {
			isa = PBXGroup;
			children = (
				66BD35DB2542F7A5009089E5 /* README.md */,
				66FB9C7E252C9797005E5910 /* MyWrapperLibrary */,
				66FB9C36252C6DAE005E5910 /* MyDependencySample */,
				66FB9C35252C6DAE005E5910 /* Products */,
				66BD34162542BD54009089E5 /* Frameworks */,
			);
			sourceTree = "<group>";
		};
		66FB9C35252C6DAE005E5910 /* Products */ = {
			isa = PBXGroup;
			children = (
				66FB9C34252C6DAE005E5910 /* MyDependencySample.app */,
			);
			name = Products;
			sourceTree = "<group>";
		};
		66FB9C36252C6DAE005E5910 /* MyDependencySample */ = {
			isa = PBXGroup;
			children = (
				66FB9C37252C6DAE005E5910 /* AppDelegate.swift */,
				66FB9C39252C6DAE005E5910 /* SceneDelegate.swift */,
				66FB9C3B252C6DAE005E5910 /* ViewController.swift */,
				66FB9C3D252C6DAE005E5910 /* Main.storyboard */,
				66FB9C40252C6DAF005E5910 /* Assets.xcassets */,
				66FB9C42252C6DAF005E5910 /* LaunchScreen.storyboard */,
				66FB9C45252C6DAF005E5910 /* Info.plist */,
			);
			path = MyDependencySample;
			sourceTree = "<group>";
		};
/* End PBXGroup section */

/* Begin PBXNativeTarget section */
		66FB9C33252C6DAE005E5910 /* MyDependencySample */ = {
			isa = PBXNativeTarget;
			buildConfigurationList = 66FB9C48252C6DAF005E5910 /* Build configuration list for PBXNativeTarget "MyDependencySample" */;
			buildPhases = (
				66FB9C30252C6DAE005E5910 /* Sources */,
				66FB9C31252C6DAE005E5910 /* Frameworks */,
				66FB9C32252C6DAE005E5910 /* Resources */,
				66BD35042542CF27009089E5 /* Embed Frameworks */,
			);
			buildRules = (
			);
			dependencies = (
			);
			name = MyDependencySample;
			packageProductDependencies = (
				66FB9C81252C97B5005E5910 /* MyWrapperLibrary */,
			);
			productName = MyDependencySample;
			productReference = 66FB9C34252C6DAE005E5910 /* MyDependencySample.app */;
			productType = "com.apple.product-type.application";
		};
/* End PBXNativeTarget section */

/* Begin PBXProject section */
		66FB9C2C252C6DAE005E5910 /* Project object */ = {
			isa = PBXProject;
			attributes = {
				LastSwiftUpdateCheck = 1200;
				LastUpgradeCheck = 1200;
				TargetAttributes = {
					66FB9C33252C6DAE005E5910 = {
						CreatedOnToolsVersion = 12.0;
					};
				};
			};
			buildConfigurationList = 66FB9C2F252C6DAE005E5910 /* Build configuration list for PBXProject "MyDependencySample" */;
			compatibilityVersion = "Xcode 9.3";
			developmentRegion = en;
			hasScannedForEncodings = 0;
			knownRegions = (
				en,
				Base,
			);
			mainGroup = 66FB9C2B252C6DAE005E5910;
			productRefGroup = 66FB9C35252C6DAE005E5910 /* Products */;
			projectDirPath = "";
			projectRoot = "";
			targets = (
				66FB9C33252C6DAE005E5910 /* MyDependencySample */,
			);
		};
/* End PBXProject section */

/* Begin PBXResourcesBuildPhase section */
		66FB9C32252C6DAE005E5910 /* Resources */ = {
			isa = PBXResourcesBuildPhase;
			buildActionMask = 2147483647;
			files = (
				66FB9C44252C6DAF005E5910 /* LaunchScreen.storyboard in Resources */,
				66FB9C41252C6DAF005E5910 /* Assets.xcassets in Resources */,
				66FB9C3F252C6DAE005E5910 /* Main.storyboard in Resources */,
			);
			runOnlyForDeploymentPostprocessing = 0;
		};
/* End PBXResourcesBuildPhase section */

/* Begin PBXSourcesBuildPhase section */
		66FB9C30252C6DAE005E5910 /* Sources */ = {
			isa = PBXSourcesBuildPhase;
			buildActionMask = 2147483647;
			files = (
				66FB9C3C252C6DAE005E5910 /* ViewController.swift in Sources */,
				66FB9C38252C6DAE005E5910 /* AppDelegate.swift in Sources */,
				66FB9C3A252C6DAE005E5910 /* SceneDelegate.swift in Sources */,
			);
			runOnlyForDeploymentPostprocessing = 0;
		};
/* End PBXSourcesBuildPhase section */

/* Begin PBXVariantGroup section */
		66FB9C3D252C6DAE005E5910 /* Main.storyboard */ = {
			isa = PBXVariantGroup;
			children = (
				66FB9C3E252C6DAE005E5910 /* Base */,
			);
			name = Main.storyboard;
			sourceTree = "<group>";
		};
		66FB9C42252C6DAF005E5910 /* LaunchScreen.storyboard */ = {
			isa = PBXVariantGroup;
			children = (
				66FB9C43252C6DAF005E5910 /* Base */,
			);
			name = LaunchScreen.storyboard;
			sourceTree = "<group>";
		};
/* End PBXVariantGroup section */

/* Begin XCBuildConfiguration section */
		66FB9C46252C6DAF005E5910 /* Debug */ = {
			isa = XCBuildConfiguration;
			buildSettings = {
				ALWAYS_SEARCH_USER_PATHS = NO;
				CLANG_ANALYZER_NONNULL = YES;
				CLANG_ANALYZER_NUMBER_OBJECT_CONVERSION = YES_AGGRESSIVE;
				CLANG_CXX_LANGUAGE_STANDARD = "gnu++14";
				CLANG_CXX_LIBRARY = "libc++";
				CLANG_ENABLE_MODULES = YES;
				CLANG_ENABLE_OBJC_ARC = YES;
				CLANG_ENABLE_OBJC_WEAK = YES;
				CLANG_WARN_BLOCK_CAPTURE_AUTORELEASING = YES;
				CLANG_WARN_BOOL_CONVERSION = YES;
				CLANG_WARN_COMMA = YES;
				CLANG_WARN_CONSTANT_CONVERSION = YES;
				CLANG_WARN_DEPRECATED_OBJC_IMPLEMENTATIONS = YES;
				CLANG_WARN_DIRECT_OBJC_ISA_USAGE = YES_ERROR;
				CLANG_WARN_DOCUMENTATION_COMMENTS = YES;
				CLANG_WARN_EMPTY_BODY = YES;
				CLANG_WARN_ENUM_CONVERSION = YES;
				CLANG_WARN_INFINITE_RECURSION = YES;
				CLANG_WARN_INT_CONVERSION = YES;
				CLANG_WARN_NON_LITERAL_NULL_CONVERSION = YES;
				CLANG_WARN_OBJC_IMPLICIT_RETAIN_SELF = YES;
				CLANG_WARN_OBJC_LITERAL_CONVERSION = YES;
				CLANG_WARN_OBJC_ROOT_CLASS = YES_ERROR;
				CLANG_WARN_QUOTED_INCLUDE_IN_FRAMEWORK_HEADER = YES;
				CLANG_WARN_RANGE_LOOP_ANALYSIS = YES;
				CLANG_WARN_STRICT_PROTOTYPES = YES;
				CLANG_WARN_SUSPICIOUS_MOVE = YES;
				CLANG_WARN_UNGUARDED_AVAILABILITY = YES_AGGRESSIVE;
				CLANG_WARN_UNREACHABLE_CODE = YES;
				CLANG_WARN__DUPLICATE_METHOD_MATCH = YES;
				COPY_PHASE_STRIP = NO;
				DEBUG_INFORMATION_FORMAT = dwarf;
				ENABLE_STRICT_OBJC_MSGSEND = YES;
				ENABLE_TESTABILITY = YES;
				GCC_C_LANGUAGE_STANDARD = gnu11;
				GCC_DYNAMIC_NO_PIC = NO;
				GCC_NO_COMMON_BLOCKS = YES;
				GCC_OPTIMIZATION_LEVEL = 0;
				GCC_PREPROCESSOR_DEFINITIONS = (
					"DEBUG=1",
					"$(inherited)",
				);
				GCC_WARN_64_TO_32_BIT_CONVERSION = YES;
				GCC_WARN_ABOUT_RETURN_TYPE = YES_ERROR;
				GCC_WARN_UNDECLARED_SELECTOR = YES;
				GCC_WARN_UNINITIALIZED_AUTOS = YES_AGGRESSIVE;
				GCC_WARN_UNUSED_FUNCTION = YES;
				GCC_WARN_UNUSED_VARIABLE = YES;
				IPHONEOS_DEPLOYMENT_TARGET = 14.0;
				MTL_ENABLE_DEBUG_INFO = INCLUDE_SOURCE;
				MTL_FAST_MATH = YES;
				ONLY_ACTIVE_ARCH = YES;
				SDKROOT = iphoneos;
				SWIFT_ACTIVE_COMPILATION_CONDITIONS = DEBUG;
				SWIFT_OPTIMIZATION_LEVEL = "-Onone";
			};
			name = Debug;
		};
		66FB9C47252C6DAF005E5910 /* Release */ = {
			isa = XCBuildConfiguration;
			buildSettings = {
				ALWAYS_SEARCH_USER_PATHS = NO;
				CLANG_ANALYZER_NONNULL = YES;
				CLANG_ANALYZER_NUMBER_OBJECT_CONVERSION = YES_AGGRESSIVE;
				CLANG_CXX_LANGUAGE_STANDARD = "gnu++14";
				CLANG_CXX_LIBRARY = "libc++";
				CLANG_ENABLE_MODULES = YES;
				CLANG_ENABLE_OBJC_ARC = YES;
				CLANG_ENABLE_OBJC_WEAK = YES;
				CLANG_WARN_BLOCK_CAPTURE_AUTORELEASING = YES;
				CLANG_WARN_BOOL_CONVERSION = YES;
				CLANG_WARN_COMMA = YES;
				CLANG_WARN_CONSTANT_CONVERSION = YES;
				CLANG_WARN_DEPRECATED_OBJC_IMPLEMENTATIONS = YES;
				CLANG_WARN_DIRECT_OBJC_ISA_USAGE = YES_ERROR;
				CLANG_WARN_DOCUMENTATION_COMMENTS = YES;
				CLANG_WARN_EMPTY_BODY = YES;
				CLANG_WARN_ENUM_CONVERSION = YES;
				CLANG_WARN_INFINITE_RECURSION = YES;
				CLANG_WARN_INT_CONVERSION = YES;
				CLANG_WARN_NON_LITERAL_NULL_CONVERSION = YES;
				CLANG_WARN_OBJC_IMPLICIT_RETAIN_SELF = YES;
				CLANG_WARN_OBJC_LITERAL_CONVERSION = YES;
				CLANG_WARN_OBJC_ROOT_CLASS = YES_ERROR;
				CLANG_WARN_QUOTED_INCLUDE_IN_FRAMEWORK_HEADER = YES;
				CLANG_WARN_RANGE_LOOP_ANALYSIS = YES;
				CLANG_WARN_STRICT_PROTOTYPES = YES;
				CLANG_WARN_SUSPICIOUS_MOVE = YES;
				CLANG_WARN_UNGUARDED_AVAILABILITY = YES_AGGRESSIVE;
				CLANG_WARN_UNREACHABLE_CODE = YES;
				CLANG_WARN__DUPLICATE_METHOD_MATCH = YES;
				COPY_PHASE_STRIP = NO;
				DEBUG_INFORMATION_FORMAT = "dwarf-with-dsym";
				ENABLE_NS_ASSERTIONS = NO;
				ENABLE_STRICT_OBJC_MSGSEND = YES;
				GCC_C_LANGUAGE_STANDARD = gnu11;
				GCC_NO_COMMON_BLOCKS = YES;
				GCC_WARN_64_TO_32_BIT_CONVERSION = YES;
				GCC_WARN_ABOUT_RETURN_TYPE = YES_ERROR;
				GCC_WARN_UNDECLARED_SELECTOR = YES;
				GCC_WARN_UNINITIALIZED_AUTOS = YES_AGGRESSIVE;
				GCC_WARN_UNUSED_FUNCTION = YES;
				GCC_WARN_UNUSED_VARIABLE = YES;
				IPHONEOS_DEPLOYMENT_TARGET = 14.0;
				MTL_ENABLE_DEBUG_INFO = NO;
				MTL_FAST_MATH = YES;
				SDKROOT = iphoneos;
				SWIFT_COMPILATION_MODE = wholemodule;
				SWIFT_OPTIMIZATION_LEVEL = "-O";
				VALIDATE_PRODUCT = YES;
			};
			name = Release;
		};
		66FB9C49252C6DAF005E5910 /* Debug */ = {
			isa = XCBuildConfiguration;
			buildSettings = {
				ASSETCATALOG_COMPILER_APPICON_NAME = AppIcon;
				ASSETCATALOG_COMPILER_GLOBAL_ACCENT_COLOR_NAME = AccentColor;
				CODE_SIGN_STYLE = Automatic;
				DEVELOPMENT_TEAM = H9EZHJZX4M;
				INFOPLIST_FILE = MyDependencySample/Info.plist;
				LD_RUNPATH_SEARCH_PATHS = (
					"$(inherited)",
					"@executable_path/Frameworks",
				);
				PRODUCT_BUNDLE_IDENTIFIER = com.quentinfasquel.MyDependencySample;
				PRODUCT_NAME = "$(TARGET_NAME)";
				SWIFT_VERSION = 5.0;
				TARGETED_DEVICE_FAMILY = "1,2";
			};
			name = Debug;
		};
		66FB9C4A252C6DAF005E5910 /* Release */ = {
			isa = XCBuildConfiguration;
			buildSettings = {
				ASSETCATALOG_COMPILER_APPICON_NAME = AppIcon;
				ASSETCATALOG_COMPILER_GLOBAL_ACCENT_COLOR_NAME = AccentColor;
				CODE_SIGN_STYLE = Automatic;
				DEVELOPMENT_TEAM = H9EZHJZX4M;
				INFOPLIST_FILE = MyDependencySample/Info.plist;
				LD_RUNPATH_SEARCH_PATHS = (
					"$(inherited)",
					"@executable_path/Frameworks",
				);
				PRODUCT_BUNDLE_IDENTIFIER = com.quentinfasquel.MyDependencySample;
				PRODUCT_NAME = "$(TARGET_NAME)";
				SWIFT_VERSION = 5.0;
				TARGETED_DEVICE_FAMILY = "1,2";
			};
			name = Release;
		};
/* End XCBuildConfiguration section */

/* Begin XCConfigurationList section */
		66FB9C2F252C6DAE005E5910 /* Build configuration list for PBXProject "MyDependencySample" */ = {
			isa = XCConfigurationList;
			buildConfigurations = (
				66FB9C46252C6DAF005E5910 /* Debug */,
				66FB9C47252C6DAF005E5910 /* Release */,
			);
			defaultConfigurationIsVisible = 0;
			defaultConfigurationName = Release;
		};
		66FB9C48252C6DAF005E5910 /* Build configuration list for PBXNativeTarget "MyDependencySample" */ = {
			isa = XCConfigurationList;
			buildConfigurations = (
				66FB9C49252C6DAF005E5910 /* Debug */,
				66FB9C4A252C6DAF005E5910 /* Release */,
			);
			defaultConfigurationIsVisible = 0;
			defaultConfigurationName = Release;
		};
/* End XCConfigurationList section */

/* Begin XCSwiftPackageProductDependency section */
		66FB9C81252C97B5005E5910 /* MyWrapperLibrary */ = {
			isa = XCSwiftPackageProductDependency;
			productName = MyWrapperLibrary;
		};
/* End XCSwiftPackageProductDependency section */
	};
	rootObject = 66FB9C2C252C6DAE005E5910 /* Project object */;
}
